
Microsoft Visual Studio Solution File, Format Version 12.00
# Visual Studio Version 16
VisualStudioVersion = 16.0.30204.135
MinimumVisualStudioVersion = 10.0.40219.1
Project("{9A19103F-16F7-4668-BE54-9A1E7A4F7556}") = "BookStoreAPI", "BookStoreAPI\BookStoreAPI.csproj", "{B113DB46-E4E9-439B-AC7D-6A77793C38EA}"
EndProject
Project("{9A19103F-16F7-4668-BE54-9A1E7A4F7556}") = "BookTesting", "BookTesting\BookTesting.csproj", "{E96FA336-3E4E-40D6-87A8-371426CA1396}"
EndProject
Project("{9A19103F-16F7-4668-BE54-9A1E7A4F7556}") = "Lib", "Libb\Lib.csproj", "{00E69A7E-5AC0-44FD-A9A0-64F34BD67FAA}"
EndProject
Global
	GlobalSection(SolutionConfigurationPlatforms) = preSolution
		Debug|Any CPU = Debug|Any CPU
		Release|Any CPU = Release|Any CPU
	EndGlobalSection
	GlobalSection(ProjectConfigurationPlatforms) = postSolution
		{B113DB46-E4E9-439B-AC7D-6A77793C38EA}.Debug|Any CPU.ActiveCfg = Debug|Any CPU
		{B113DB46-E4E9-439B-AC7D-6A77793C38EA}.Debug|Any CPU.Build.0 = Debug|Any CPU
		{B113DB46-E4E9-439B-AC7D-6A77793C38EA}.Release|Any CPU.ActiveCfg = Release|Any CPU
		{B113DB46-E4E9-439B-AC7D-6A77793C38EA}.Release|Any CPU.Build.0 = Release|Any CPU
		{E96FA336-3E4E-40D6-87A8-371426CA1396}.Debug|Any CPU.ActiveCfg = Debug|Any CPU
		{E96FA336-3E4E-40D6-87A8-371426CA1396}.Debug|Any CPU.Build.0 = Debug|Any CPU
		{E96FA336-3E4E-40D6-87A8-371426CA1396}.Release|Any CPU.ActiveCfg = Release|Any CPU
		{E96FA336-3E4E-40D6-87A8-371426CA1396}.Release|Any CPU.Build.0 = Release|Any CPU
		{00E69A7E-5AC0-44FD-A9A0-64F34BD67FAA}.Debug|Any CPU.ActiveCfg = Debug|Any CPU
		{00E69A7E-5AC0-44FD-A9A0-64F34BD67FAA}.Debug|Any CPU.Build.0 = Debug|Any CPU
		{00E69A7E-5AC0-44FD-A9A0-64F34BD67FAA}.Release|Any CPU.ActiveCfg = Release|Any CPU
		{00E69A7E-5AC0-44FD-A9A0-64F34BD67FAA}.Release|Any CPU.Build.0 = Release|Any CPU
	EndGlobalSection
	GlobalSection(SolutionProperties) = preSolution
		HideSolutionNode = FALSE
	EndGlobalSection
	GlobalSection(ExtensibilityGlobals) = postSolution
		SolutionGuid = {54B4E2B8-478C-4EF0-8CAB-34F27115B0A7}
	EndGlobalSection
EndGlobal
