
Microsoft Visual Studio Solution File, Format Version 12.00
# Visual Studio Version 16
VisualStudioVersion = 16.0.30204.135
MinimumVisualStudioVersion = 10.0.40219.1
Project("{9A19103F-16F7-4668-BE54-9A1E7A4F7556}") = "BookStore.ApiApp", "BookStoreAPI\BookStore.ApiApp.csproj", "{B113DB46-E4E9-439B-AC7D-6A77793C38EA}"
EndProject
Project("{9A19103F-16F7-4668-BE54-9A1E7A4F7556}") = "BookTesting", "BookTesting\BookTesting.csproj", "{E96FA336-3E4E-40D6-87A8-371426CA1396}"
EndProject
Project("{9A19103F-16F7-4668-BE54-9A1E7A4F7556}") = "Lib", "Libb\Lib.csproj", "{00E69A7E-5AC0-44FD-A9A0-64F34BD67FAA}"
EndProject
Project("{2150E333-8FDC-42A3-9474-1A3956D46DE8}") = "Source", "Source", "{448BFC17-CECC-4B09-8333-2B8600294379}"
EndProject
Project("{2150E333-8FDC-42A3-9474-1A3956D46DE8}") = "Core", "Core", "{FB1398C9-A6CD-446A-9F2D-83FF4FA608FA}"
EndProject
Project("{FAE04EC0-301F-11D3-BF4B-00C04F79EFBC}") = "BookStore.Application", "BookStore.Application\BookStore.Application.csproj", "{3D3613CB-8D42-4C27-BEC0-5DBC0D1A424F}"
EndProject
Project("{2150E333-8FDC-42A3-9474-1A3956D46DE8}") = "ApiApp", "ApiApp", "{91BD8D9B-C6CA-46F4-A144-A98DF43728D0}"
EndProject
Project("{2150E333-8FDC-42A3-9474-1A3956D46DE8}") = "Test", "Test", "{A60F8052-B241-42B3-B439-179F6BAF10C0}"
EndProject
Global
	GlobalSection(SolutionConfigurationPlatforms) = preSolution
		Debug|Any CPU = Debug|Any CPU
		Release|Any CPU = Release|Any CPU
	EndGlobalSection
	GlobalSection(ProjectConfigurationPlatforms) = postSolution
		{B113DB46-E4E9-439B-AC7D-6A77793C38EA}.Debug|Any CPU.ActiveCfg = Debug|Any CPU
		{B113DB46-E4E9-439B-AC7D-6A77793C38EA}.Debug|Any CPU.Build.0 = Debug|Any CPU
		{B113DB46-E4E9-439B-AC7D-6A77793C38EA}.Release|Any CPU.ActiveCfg = Release|Any CPU
		{B113DB46-E4E9-439B-AC7D-6A77793C38EA}.Release|Any CPU.Build.0 = Release|Any CPU
		{E96FA336-3E4E-40D6-87A8-371426CA1396}.Debug|Any CPU.ActiveCfg = Debug|Any CPU
		{E96FA336-3E4E-40D6-87A8-371426CA1396}.Debug|Any CPU.Build.0 = Debug|Any CPU
		{E96FA336-3E4E-40D6-87A8-371426CA1396}.Release|Any CPU.ActiveCfg = Release|Any CPU
		{E96FA336-3E4E-40D6-87A8-371426CA1396}.Release|Any CPU.Build.0 = Release|Any CPU
		{00E69A7E-5AC0-44FD-A9A0-64F34BD67FAA}.Debug|Any CPU.ActiveCfg = Debug|Any CPU
		{00E69A7E-5AC0-44FD-A9A0-64F34BD67FAA}.Debug|Any CPU.Build.0 = Debug|Any CPU
		{00E69A7E-5AC0-44FD-A9A0-64F34BD67FAA}.Release|Any CPU.ActiveCfg = Release|Any CPU
		{00E69A7E-5AC0-44FD-A9A0-64F34BD67FAA}.Release|Any CPU.Build.0 = Release|Any CPU
		{3D3613CB-8D42-4C27-BEC0-5DBC0D1A424F}.Debug|Any CPU.ActiveCfg = Debug|Any CPU
		{3D3613CB-8D42-4C27-BEC0-5DBC0D1A424F}.Debug|Any CPU.Build.0 = Debug|Any CPU
		{3D3613CB-8D42-4C27-BEC0-5DBC0D1A424F}.Release|Any CPU.ActiveCfg = Release|Any CPU
		{3D3613CB-8D42-4C27-BEC0-5DBC0D1A424F}.Release|Any CPU.Build.0 = Release|Any CPU
	EndGlobalSection
	GlobalSection(SolutionProperties) = preSolution
		HideSolutionNode = FALSE
	EndGlobalSection
	GlobalSection(NestedProjects) = preSolution
		{B113DB46-E4E9-439B-AC7D-6A77793C38EA} = {91BD8D9B-C6CA-46F4-A144-A98DF43728D0}
		{E96FA336-3E4E-40D6-87A8-371426CA1396} = {A60F8052-B241-42B3-B439-179F6BAF10C0}
		{FB1398C9-A6CD-446A-9F2D-83FF4FA608FA} = {448BFC17-CECC-4B09-8333-2B8600294379}
		{3D3613CB-8D42-4C27-BEC0-5DBC0D1A424F} = {FB1398C9-A6CD-446A-9F2D-83FF4FA608FA}
		{91BD8D9B-C6CA-46F4-A144-A98DF43728D0} = {448BFC17-CECC-4B09-8333-2B8600294379}
	EndGlobalSection
	GlobalSection(ExtensibilityGlobals) = postSolution
		SolutionGuid = {54B4E2B8-478C-4EF0-8CAB-34F27115B0A7}
	EndGlobalSection
EndGlobal
