
Microsoft Visual Studio Solution File, Format Version 12.00
# Visual Studio Version 16
VisualStudioVersion = 16.0.30204.135
MinimumVisualStudioVersion = 10.0.40219.1
Project("{9A19103F-16F7-4668-BE54-9A1E7A4F7556}") = "BookStoreAPI", "BookStoreAPI.csproj", "{778E49B4-F8F4-45E9-B7EC-7ACF965FBC92}"
EndProject
Project("{9A19103F-16F7-4668-BE54-9A1E7A4F7556}") = "Lib", "..\Libb\Lib.csproj", "{B335EF94-9361-4154-B2F0-322CDC4B9428}"
EndProject
Project("{FAE04EC0-301F-11D3-BF4B-00C04F79EFBC}") = "BookTesting", "..\BookTesting\BookTesting.csproj", "{3FD47ED3-3366-4B71-AB72-F9E8E44E5209}"
EndProject
Global
	GlobalSection(SolutionConfigurationPlatforms) = preSolution
		Debug|Any CPU = Debug|Any CPU
		Release|Any CPU = Release|Any CPU
	EndGlobalSection
	GlobalSection(ProjectConfigurationPlatforms) = postSolution
		{778E49B4-F8F4-45E9-B7EC-7ACF965FBC92}.Debug|Any CPU.ActiveCfg = Debug|Any CPU
		{778E49B4-F8F4-45E9-B7EC-7ACF965FBC92}.Debug|Any CPU.Build.0 = Debug|Any CPU
		{778E49B4-F8F4-45E9-B7EC-7ACF965FBC92}.Release|Any CPU.ActiveCfg = Release|Any CPU
		{778E49B4-F8F4-45E9-B7EC-7ACF965FBC92}.Release|Any CPU.Build.0 = Release|Any CPU
		{B335EF94-9361-4154-B2F0-322CDC4B9428}.Debug|Any CPU.ActiveCfg = Debug|Any CPU
		{B335EF94-9361-4154-B2F0-322CDC4B9428}.Debug|Any CPU.Build.0 = Debug|Any CPU
		{B335EF94-9361-4154-B2F0-322CDC4B9428}.Release|Any CPU.ActiveCfg = Release|Any CPU
		{B335EF94-9361-4154-B2F0-322CDC4B9428}.Release|Any CPU.Build.0 = Release|Any CPU
		{3FD47ED3-3366-4B71-AB72-F9E8E44E5209}.Debug|Any CPU.ActiveCfg = Debug|Any CPU
		{3FD47ED3-3366-4B71-AB72-F9E8E44E5209}.Debug|Any CPU.Build.0 = Debug|Any CPU
		{3FD47ED3-3366-4B71-AB72-F9E8E44E5209}.Release|Any CPU.ActiveCfg = Release|Any CPU
		{3FD47ED3-3366-4B71-AB72-F9E8E44E5209}.Release|Any CPU.Build.0 = Release|Any CPU
	EndGlobalSection
	GlobalSection(SolutionProperties) = preSolution
		HideSolutionNode = FALSE
	EndGlobalSection
	GlobalSection(ExtensibilityGlobals) = postSolution
		SolutionGuid = {54B4E2B8-478C-4EF0-8CAB-34F27115B0A7}
	EndGlobalSection
EndGlobal
